
Microsoft Visual Studio Solution File, Format Version 12.00
Project("{FAE04EC0-301F-11D3-BF4B-00C04F79EFBC}") = "AoC2024", "AoC2024\AoC2024.csproj", "{B1D2F9CA-E3F7-4CCD-9239-DE5B41302F64}"
EndProject
Global
	GlobalSection(SolutionConfigurationPlatforms) = preSolution
		Debug|Any CPU = Debug|Any CPU
		Release|Any CPU = Release|Any CPU
	EndGlobalSection
	GlobalSection(ProjectConfigurationPlatforms) = postSolution
		{B1D2F9CA-E3F7-4CCD-9239-DE5B41302F64}.Debug|Any CPU.ActiveCfg = Debug|Any CPU
		{B1D2F9CA-E3F7-4CCD-9239-DE5B41302F64}.Debug|Any CPU.Build.0 = Debug|Any CPU
		{B1D2F9CA-E3F7-4CCD-9239-DE5B41302F64}.Release|Any CPU.ActiveCfg = Release|Any CPU
		{B1D2F9CA-E3F7-4CCD-9239-DE5B41302F64}.Release|Any CPU.Build.0 = Release|Any CPU
	EndGlobalSection
EndGlobal
